
Microsoft Visual Studio Solution File, Format Version 12.00
# Visual Studio Version 17
VisualStudioVersion = 17.14.36221.1 d17.14
MinimumVisualStudioVersion = 10.0.40219.1
Project("{FAE04EC0-301F-11D3-BF4B-00C04F79EFBC}") = "InventoryAndOrderManagementAPI", "InventoryAndOrderManagementAPI.csproj", "{A6AB90EB-BA41-4061-AAF0-1A7D3CAEC82C}"
EndProject
Project("{2150E333-8FDC-42A3-9474-1A3956D46DE8}") = "Solution Items", "Solution Items", "{8EC462FD-D22E-90A8-E5CE-7E832BA40C5D}"
	ProjectSection(SolutionItems) = preProject
		.gitignore = .gitignore
	EndProjectSection
EndProject
Global
	GlobalSection(SolutionConfigurationPlatforms) = preSolution
		Debug|Any CPU = Debug|Any CPU
		Release|Any CPU = Release|Any CPU
	EndGlobalSection
	GlobalSection(ProjectConfigurationPlatforms) = postSolution
		{A6AB90EB-BA41-4061-AAF0-1A7D3CAEC82C}.Debug|Any CPU.ActiveCfg = Debug|Any CPU
		{A6AB90EB-BA41-4061-AAF0-1A7D3CAEC82C}.Debug|Any CPU.Build.0 = Debug|Any CPU
		{A6AB90EB-BA41-4061-AAF0-1A7D3CAEC82C}.Release|Any CPU.ActiveCfg = Release|Any CPU
		{A6AB90EB-BA41-4061-AAF0-1A7D3CAEC82C}.Release|Any CPU.Build.0 = Release|Any CPU
	EndGlobalSection
	GlobalSection(SolutionProperties) = preSolution
		HideSolutionNode = FALSE
	EndGlobalSection
	GlobalSection(ExtensibilityGlobals) = postSolution
		SolutionGuid = {AF56BF8C-D48E-4FDD-B6C1-12601FEA9F08}
	EndGlobalSection
EndGlobal
